// !$*UTF8*$!
{
	archiveVersion = 1;
	classes = {
	};
	objectVersion = 46;
	objects = {

/* Begin PBXBuildFile section */
		D9EB0F741B98467F0027AD5C /* AppDelegate.swift in Sources */ = {isa = PBXBuildFile; fileRef = D9EB0F731B98467F0027AD5C /* AppDelegate.swift */; };
		D9EB0F761B98467F0027AD5C /* FirstViewController.swift in Sources */ = {isa = PBXBuildFile; fileRef = D9EB0F751B98467F0027AD5C /* FirstViewController.swift */; };
		D9EB0F781B98467F0027AD5C /* SecondViewController.swift in Sources */ = {isa = PBXBuildFile; fileRef = D9EB0F771B98467F0027AD5C /* SecondViewController.swift */; };
		D9EB0F7B1B98467F0027AD5C /* Main.storyboard in Resources */ = {isa = PBXBuildFile; fileRef = D9EB0F791B98467F0027AD5C /* Main.storyboard */; };
		D9EB0F7D1B98467F0027AD5C /* Images.xcassets in Resources */ = {isa = PBXBuildFile; fileRef = D9EB0F7C1B98467F0027AD5C /* Images.xcassets */; };
		D9EB0F801B98467F0027AD5C /* LaunchScreen.xib in Resources */ = {isa = PBXBuildFile; fileRef = D9EB0F7E1B98467F0027AD5C /* LaunchScreen.xib */; };
		D9EB0F8C1B98467F0027AD5C /* nursingTests.swift in Sources */ = {isa = PBXBuildFile; fileRef = D9EB0F8B1B98467F0027AD5C /* nursingTests.swift */; };
/* End PBXBuildFile section */

/* Begin PBXContainerItemProxy section */
		D9EB0F861B98467F0027AD5C /* PBXContainerItemProxy */ = {
			isa = PBXContainerItemProxy;
			containerPortal = D9EB0F661B98467F0027AD5C /* Project object */;
			proxyType = 1;
			remoteGlobalIDString = D9EB0F6D1B98467F0027AD5C;
			remoteInfo = nursing;
		};
/* End PBXContainerItemProxy section */

/* Begin PBXFileReference section */
		D9EB0F6E1B98467F0027AD5C /* nursing.app */ = {isa = PBXFileReference; explicitFileType = wrapper.application; includeInIndex = 0; path = nursing.app; sourceTree = BUILT_PRODUCTS_DIR; };
		D9EB0F721B98467F0027AD5C /* Info.plist */ = {isa = PBXFileReference; lastKnownFileType = text.plist.xml; path = Info.plist; sourceTree = "<group>"; };
		D9EB0F731B98467F0027AD5C /* AppDelegate.swift */ = {isa = PBXFileReference; lastKnownFileType = sourcecode.swift; path = AppDelegate.swift; sourceTree = "<group>"; };
		D9EB0F751B98467F0027AD5C /* FirstViewController.swift */ = {isa = PBXFileReference; lastKnownFileType = sourcecode.swift; path = FirstViewController.swift; sourceTree = "<group>"; };
		D9EB0F771B98467F0027AD5C /* SecondViewController.swift */ = {isa = PBXFileReference; lastKnownFileType = sourcecode.swift; path = SecondViewController.swift; sourceTree = "<group>"; };
		D9EB0F7A1B98467F0027AD5C /* Base */ = {isa = PBXFileReference; lastKnownFileType = file.storyboard; name = Base; path = Base.lproj/Main.storyboard; sourceTree = "<group>"; };
		D9EB0F7C1B98467F0027AD5C /* Images.xcassets */ = {isa = PBXFileReference; lastKnownFileType = folder.assetcatalog; path = Images.xcassets; sourceTree = "<group>"; };
		D9EB0F7F1B98467F0027AD5C /* Base */ = {isa = PBXFileReference; lastKnownFileType = file.xib; name = Base; path = Base.lproj/LaunchScreen.xib; sourceTree = "<group>"; };
		D9EB0F851B98467F0027AD5C /* nursingTests.xctest */ = {isa = PBXFileReference; explicitFileType = wrapper.cfbundle; includeInIndex = 0; path = nursingTests.xctest; sourceTree = BUILT_PRODUCTS_DIR; };
		D9EB0F8A1B98467F0027AD5C /* Info.plist */ = {isa = PBXFileReference; lastKnownFileType = text.plist.xml; path = Info.plist; sourceTree = "<group>"; };
		D9EB0F8B1B98467F0027AD5C /* nursingTests.swift */ = {isa = PBXFileReference; lastKnownFileType = sourcecode.swift; path = nursingTests.swift; sourceTree = "<group>"; };
/* End PBXFileReference section */

/* Begin PBXFrameworksBuildPhase section */
		D9EB0F6B1B98467F0027AD5C /* Frameworks */ = {
			isa = PBXFrameworksBuildPhase;
			buildActionMask = 2147483647;
			files = (
			);
			runOnlyForDeploymentPostprocessing = 0;
		};
		D9EB0F821B98467F0027AD5C /* Frameworks */ = {
			isa = PBXFrameworksBuildPhase;
			buildActionMask = 2147483647;
			files = (
			);
			runOnlyForDeploymentPostprocessing = 0;
		};
/* End PBXFrameworksBuildPhase section */

/* Begin PBXGroup section */
		D9EB0F651B98467F0027AD5C = {
			isa = PBXGroup;
			children = (
				D9EB0F701B98467F0027AD5C /* nursing */,
				D9EB0F881B98467F0027AD5C /* nursingTests */,
				D9EB0F6F1B98467F0027AD5C /* Products */,
			);
			sourceTree = "<group>";
		};
		D9EB0F6F1B98467F0027AD5C /* Products */ = {
			isa = PBXGroup;
			children = (
				D9EB0F6E1B98467F0027AD5C /* nursing.app */,
				D9EB0F851B98467F0027AD5C /* nursingTests.xctest */,
			);
			name = Products;
			sourceTree = "<group>";
		};
		D9EB0F701B98467F0027AD5C /* nursing */ = {
			isa = PBXGroup;
			children = (
				D9EB0F731B98467F0027AD5C /* AppDelegate.swift */,
				D9EB0F751B98467F0027AD5C /* FirstViewController.swift */,
				D9EB0F771B98467F0027AD5C /* SecondViewController.swift */,
				D9EB0F791B98467F0027AD5C /* Main.storyboard */,
				D9EB0F7C1B98467F0027AD5C /* Images.xcassets */,
				D9EB0F7E1B98467F0027AD5C /* LaunchScreen.xib */,
				D9EB0F711B98467F0027AD5C /* Supporting Files */,
			);
			path = nursing;
			sourceTree = "<group>";
		};
		D9EB0F711B98467F0027AD5C /* Supporting Files */ = {
			isa = PBXGroup;
			children = (
				D9EB0F721B98467F0027AD5C /* Info.plist */,
			);
			name = "Supporting Files";
			sourceTree = "<group>";
		};
		D9EB0F881B98467F0027AD5C /* nursingTests */ = {
			isa = PBXGroup;
			children = (
				D9EB0F8B1B98467F0027AD5C /* nursingTests.swift */,
				D9EB0F891B98467F0027AD5C /* Supporting Files */,
			);
			path = nursingTests;
			sourceTree = "<group>";
		};
		D9EB0F891B98467F0027AD5C /* Supporting Files */ = {
			isa = PBXGroup;
			children = (
				D9EB0F8A1B98467F0027AD5C /* Info.plist */,
			);
			name = "Supporting Files";
			sourceTree = "<group>";
		};
/* End PBXGroup section */

/* Begin PBXNativeTarget section */
		D9EB0F6D1B98467F0027AD5C /* nursing */ = {
			isa = PBXNativeTarget;
			buildConfigurationList = D9EB0F8F1B98467F0027AD5C /* Build configuration list for PBXNativeTarget "nursing" */;
			buildPhases = (
				D9EB0F6A1B98467F0027AD5C /* Sources */,
				D9EB0F6B1B98467F0027AD5C /* Frameworks */,
				D9EB0F6C1B98467F0027AD5C /* Resources */,
			);
			buildRules = (
			);
			dependencies = (
			);
			name = nursing;
			productName = nursing;
			productReference = D9EB0F6E1B98467F0027AD5C /* nursing.app */;
			productType = "com.apple.product-type.application";
		};
		D9EB0F841B98467F0027AD5C /* nursingTests */ = {
			isa = PBXNativeTarget;
			buildConfigurationList = D9EB0F921B98467F0027AD5C /* Build configuration list for PBXNativeTarget "nursingTests" */;
			buildPhases = (
				D9EB0F811B98467F0027AD5C /* Sources */,
				D9EB0F821B98467F0027AD5C /* Frameworks */,
				D9EB0F831B98467F0027AD5C /* Resources */,
			);
			buildRules = (
			);
			dependencies = (
				D9EB0F871B98467F0027AD5C /* PBXTargetDependency */,
			);
			name = nursingTests;
			productName = nursingTests;
			productReference = D9EB0F851B98467F0027AD5C /* nursingTests.xctest */;
			productType = "com.apple.product-type.bundle.unit-test";
		};
/* End PBXNativeTarget section */

/* Begin PBXProject section */
		D9EB0F661B98467F0027AD5C /* Project object */ = {
			isa = PBXProject;
			attributes = {
				LastUpgradeCheck = 0640;
				ORGANIZATIONNAME = "Yochang Song";
				TargetAttributes = {
					D9EB0F6D1B98467F0027AD5C = {
						CreatedOnToolsVersion = 6.4;
					};
					D9EB0F841B98467F0027AD5C = {
						CreatedOnToolsVersion = 6.4;
						TestTargetID = D9EB0F6D1B98467F0027AD5C;
					};
				};
			};
			buildConfigurationList = D9EB0F691B98467F0027AD5C /* Build configuration list for PBXProject "nursing" */;
			compatibilityVersion = "Xcode 3.2";
			developmentRegion = English;
			hasScannedForEncodings = 0;
			knownRegions = (
				en,
				Base,
			);
			mainGroup = D9EB0F651B98467F0027AD5C;
			productRefGroup = D9EB0F6F1B98467F0027AD5C /* Products */;
			projectDirPath = "";
			projectRoot = "";
			targets = (
				D9EB0F6D1B98467F0027AD5C /* nursing */,
				D9EB0F841B98467F0027AD5C /* nursingTests */,
			);
		};
/* End PBXProject section */

/* Begin PBXResourcesBuildPhase section */
		D9EB0F6C1B98467F0027AD5C /* Resources */ = {
			isa = PBXResourcesBuildPhase;
			buildActionMask = 2147483647;
			files = (
				D9EB0F7B1B98467F0027AD5C /* Main.storyboard in Resources */,
				D9EB0F801B98467F0027AD5C /* LaunchScreen.xib in Resources */,
				D9EB0F7D1B98467F0027AD5C /* Images.xcassets in Resources */,
			);
			runOnlyForDeploymentPostprocessing = 0;
		};
		D9EB0F831B98467F0027AD5C /* Resources */ = {
			isa = PBXResourcesBuildPhase;
			buildActionMask = 2147483647;
			files = (
			);
			runOnlyForDeploymentPostprocessing = 0;
		};
/* End PBXResourcesBuildPhase section */

/* Begin PBXSourcesBuildPhase section */
		D9EB0F6A1B98467F0027AD5C /* Sources */ = {
			isa = PBXSourcesBuildPhase;
			buildActionMask = 2147483647;
			files = (
				D9EB0F781B98467F0027AD5C /* SecondViewController.swift in Sources */,
				D9EB0F741B98467F0027AD5C /* AppDelegate.swift in Sources */,
				D9EB0F761B98467F0027AD5C /* FirstViewController.swift in Sources */,
			);
			runOnlyForDeploymentPostprocessing = 0;
		};
		D9EB0F811B98467F0027AD5C /* Sources */ = {
			isa = PBXSourcesBuildPhase;
			buildActionMask = 2147483647;
			files = (
				D9EB0F8C1B98467F0027AD5C /* nursingTests.swift in Sources */,
			);
			runOnlyForDeploymentPostprocessing = 0;
		};
/* End PBXSourcesBuildPhase section */

/* Begin PBXTargetDependency section */
		D9EB0F871B98467F0027AD5C /* PBXTargetDependency */ = {
			isa = PBXTargetDependency;
			target = D9EB0F6D1B98467F0027AD5C /* nursing */;
			targetProxy = D9EB0F861B98467F0027AD5C /* PBXContainerItemProxy */;
		};
/* End PBXTargetDependency section */

/* Begin PBXVariantGroup section */
		D9EB0F791B98467F0027AD5C /* Main.storyboard */ = {
			isa = PBXVariantGroup;
			children = (
				D9EB0F7A1B98467F0027AD5C /* Base */,
			);
			name = Main.storyboard;
			sourceTree = "<group>";
		};
		D9EB0F7E1B98467F0027AD5C /* LaunchScreen.xib */ = {
			isa = PBXVariantGroup;
			children = (
				D9EB0F7F1B98467F0027AD5C /* Base */,
			);
			name = LaunchScreen.xib;
			sourceTree = "<group>";
		};
/* End PBXVariantGroup section */

/* Begin XCBuildConfiguration section */
		D9EB0F8D1B98467F0027AD5C /* Debug */ = {
			isa = XCBuildConfiguration;
			buildSettings = {
				ALWAYS_SEARCH_USER_PATHS = NO;
				CLANG_CXX_LANGUAGE_STANDARD = "gnu++0x";
				CLANG_CXX_LIBRARY = "libc++";
				CLANG_ENABLE_MODULES = YES;
				CLANG_ENABLE_OBJC_ARC = YES;
				CLANG_WARN_BOOL_CONVERSION = YES;
				CLANG_WARN_CONSTANT_CONVERSION = YES;
				CLANG_WARN_DIRECT_OBJC_ISA_USAGE = YES_ERROR;
				CLANG_WARN_EMPTY_BODY = YES;
				CLANG_WARN_ENUM_CONVERSION = YES;
				CLANG_WARN_INT_CONVERSION = YES;
				CLANG_WARN_OBJC_ROOT_CLASS = YES_ERROR;
				CLANG_WARN_UNREACHABLE_CODE = YES;
				CLANG_WARN__DUPLICATE_METHOD_MATCH = YES;
				"CODE_SIGN_IDENTITY[sdk=iphoneos*]" = "iPhone Developer";
				COPY_PHASE_STRIP = NO;
				DEBUG_INFORMATION_FORMAT = "dwarf-with-dsym";
				ENABLE_STRICT_OBJC_MSGSEND = YES;
				GCC_C_LANGUAGE_STANDARD = gnu99;
				GCC_DYNAMIC_NO_PIC = NO;
				GCC_NO_COMMON_BLOCKS = YES;
				GCC_OPTIMIZATION_LEVEL = 0;
				GCC_PREPROCESSOR_DEFINITIONS = (
					"DEBUG=1",
					"$(inherited)",
				);
				GCC_SYMBOLS_PRIVATE_EXTERN = NO;
				GCC_WARN_64_TO_32_BIT_CONVERSION = YES;
				GCC_WARN_ABOUT_RETURN_TYPE = YES_ERROR;
				GCC_WARN_UNDECLARED_SELECTOR = YES;
				GCC_WARN_UNINITIALIZED_AUTOS = YES_AGGRESSIVE;
				GCC_WARN_UNUSED_FUNCTION = YES;
				GCC_WARN_UNUSED_VARIABLE = YES;
				IPHONEOS_DEPLOYMENT_TARGET = 8.4;
				MTL_ENABLE_DEBUG_INFO = YES;
				ONLY_ACTIVE_ARCH = YES;
				SDKROOT = iphoneos;
				SWIFT_OPTIMIZATION_LEVEL = "-Onone";
			};
			name = Debug;
		};
		D9EB0F8E1B98467F0027AD5C /* Release */ = {
			isa = XCBuildConfiguration;
			buildSettings = {
				ALWAYS_SEARCH_USER_PATHS = NO;
				CLANG_CXX_LANGUAGE_STANDARD = "gnu++0x";
				CLANG_CXX_LIBRARY = "libc++";
				CLANG_ENABLE_MODULES = YES;
				CLANG_ENABLE_OBJC_ARC = YES;
				CLANG_WARN_BOOL_CONVERSION = YES;
				CLANG_WARN_CONSTANT_CONVERSION = YES;
				CLANG_WARN_DIRECT_OBJC_ISA_USAGE = YES_ERROR;
				CLANG_WARN_EMPTY_BODY = YES;
				CLANG_WARN_ENUM_CONVERSION = YES;
				CLANG_WARN_INT_CONVERSION = YES;
				CLANG_WARN_OBJC_ROOT_CLASS = YES_ERROR;
				CLANG_WARN_UNREACHABLE_CODE = YES;
				CLANG_WARN__DUPLICATE_METHOD_MATCH = YES;
				"CODE_SIGN_IDENTITY[sdk=iphoneos*]" = "iPhone Developer";
				COPY_PHASE_STRIP = NO;
				DEBUG_INFORMATION_FORMAT = "dwarf-with-dsym";
				ENABLE_NS_ASSERTIONS = NO;
				ENABLE_STRICT_OBJC_MSGSEND = YES;
				GCC_C_LANGUAGE_STANDARD = gnu99;
				GCC_NO_COMMON_BLOCKS = YES;
				GCC_WARN_64_TO_32_BIT_CONVERSION = YES;
				GCC_WARN_ABOUT_RETURN_TYPE = YES_ERROR;
				GCC_WARN_UNDECLARED_SELECTOR = YES;
				GCC_WARN_UNINITIALIZED_AUTOS = YES_AGGRESSIVE;
				GCC_WARN_UNUSED_FUNCTION = YES;
				GCC_WARN_UNUSED_VARIABLE = YES;
				IPHONEOS_DEPLOYMENT_TARGET = 8.4;
				MTL_ENABLE_DEBUG_INFO = NO;
				SDKROOT = iphoneos;
				VALIDATE_PRODUCT = YES;
			};
			name = Release;
		};
		D9EB0F901B98467F0027AD5C /* Debug */ = {
			isa = XCBuildConfiguration;
			buildSettings = {
				ASSETCATALOG_COMPILER_APPICON_NAME = AppIcon;
				INFOPLIST_FILE = nursing/Info.plist;
				LD_RUNPATH_SEARCH_PATHS = "$(inherited) @executable_path/Frameworks";
				PRODUCT_NAME = "$(TARGET_NAME)";
			};
			name = Debug;
		};
		D9EB0F911B98467F0027AD5C /* Release */ = {
			isa = XCBuildConfiguration;
			buildSettings = {
				ASSETCATALOG_COMPILER_APPICON_NAME = AppIcon;
				INFOPLIST_FILE = nursing/Info.plist;
				LD_RUNPATH_SEARCH_PATHS = "$(inherited) @executable_path/Frameworks";
				PRODUCT_NAME = "$(TARGET_NAME)";
			};
			name = Release;
		};
		D9EB0F931B98467F0027AD5C /* Debug */ = {
			isa = XCBuildConfiguration;
			buildSettings = {
				BUNDLE_LOADER = "$(TEST_HOST)";
				FRAMEWORK_SEARCH_PATHS = (
					"$(SDKROOT)/Developer/Library/Frameworks",
					"$(inherited)",
				);
				GCC_PREPROCESSOR_DEFINITIONS = (
					"DEBUG=1",
					"$(inherited)",
				);
				INFOPLIST_FILE = nursingTests/Info.plist;
				LD_RUNPATH_SEARCH_PATHS = "$(inherited) @executable_path/Frameworks @loader_path/Frameworks";
				PRODUCT_NAME = "$(TARGET_NAME)";
				TEST_HOST = "$(BUILT_PRODUCTS_DIR)/nursing.app/nursing";
			};
			name = Debug;
		};
		D9EB0F941B98467F0027AD5C /* Release */ = {
			isa = XCBuildConfiguration;
			buildSettings = {
				BUNDLE_LOADER = "$(TEST_HOST)";
				FRAMEWORK_SEARCH_PATHS = (
					"$(SDKROOT)/Developer/Library/Frameworks",
					"$(inherited)",
				);
				INFOPLIST_FILE = nursingTests/Info.plist;
				LD_RUNPATH_SEARCH_PATHS = "$(inherited) @executable_path/Frameworks @loader_path/Frameworks";
				PRODUCT_NAME = "$(TARGET_NAME)";
				TEST_HOST = "$(BUILT_PRODUCTS_DIR)/nursing.app/nursing";
			};
			name = Release;
		};
/* End XCBuildConfiguration section */

/* Begin XCConfigurationList section */
		D9EB0F691B98467F0027AD5C /* Build configuration list for PBXProject "nursing" */ = {
			isa = XCConfigurationList;
			buildConfigurations = (
				D9EB0F8D1B98467F0027AD5C /* Debug */,
				D9EB0F8E1B98467F0027AD5C /* Release */,
			);
			defaultConfigurationIsVisible = 0;
			defaultConfigurationName = Release;
		};
		D9EB0F8F1B98467F0027AD5C /* Build configuration list for PBXNativeTarget "nursing" */ = {
			isa = XCConfigurationList;
			buildConfigurations = (
				D9EB0F901B98467F0027AD5C /* Debug */,
				D9EB0F911B98467F0027AD5C /* Release */,
			);
			defaultConfigurationIsVisible = 0;
		};
		D9EB0F921B98467F0027AD5C /* Build configuration list for PBXNativeTarget "nursingTests" */ = {
			isa = XCConfigurationList;
			buildConfigurations = (
				D9EB0F931B98467F0027AD5C /* Debug */,
				D9EB0F941B98467F0027AD5C /* Release */,
			);
			defaultConfigurationIsVisible = 0;
		};
/* End XCConfigurationList section */
	};
	rootObject = D9EB0F661B98467F0027AD5C /* Project object */;
}
